
Microsoft Visual Studio Solution File, Format Version 12.00
# Visual Studio Version 17
VisualStudioVersion = 17.0.31903.59
MinimumVisualStudioVersion = 10.0.40219.1
Project("{FAE04EC0-301F-11D3-BF4B-00C04F79EFBC}") = "TravelPort.Domain", "src\Domain\TravelPort.Domain.csproj", "{C2944997-23B8-449B-9C46-0DCC88511E56}"
EndProject
Project("{FAE04EC0-301F-11D3-BF4B-00C04F79EFBC}") = "TravelPort.Application", "src\Application\TravelPort.Application.csproj", "{898A0344-6F0D-44BF-AA14-C835042BDEE2}"
EndProject
Project("{FAE04EC0-301F-11D3-BF4B-00C04F79EFBC}") = "TravelPort.Infrastructure", "src\Infrastructure\TravelPort.Infrastructure.csproj", "{C0437D8A-C4F1-4798-8751-E3E9E8588D48}"
EndProject
Project("{FAE04EC0-301F-11D3-BF4B-00C04F79EFBC}") = "TravelPort.Persistence", "src\Persistence\TravelPort.Persistence.csproj", "{99A284FC-60B6-48A1-B973-FC1D116DC010}"
EndProject
Project("{FAE04EC0-301F-11D3-BF4B-00C04F79EFBC}") = "TravelPort.API", "src\API\TravelPort.API.csproj", "{A33F84FB-63A7-4816-88BA-82F0700C1091}"
EndProject
Project("{FAE04EC0-301F-11D3-BF4B-00C04F79EFBC}") = "TravelPort.Application.Tests", "tests\TravelPort.Application.Tests\TravelPort.Application.Tests.csproj", "{E4A56550-04A0-4A97-933E-56A137390F8A}"
EndProject
Project("{2150E333-8FDC-42A3-9474-1A3956D46DE8}") = "src", "src", "{827E0CD3-B72D-47B6-A68D-7590B98EB39B}"
EndProject
Project("{2150E333-8FDC-42A3-9474-1A3956D46DE8}") = "Database", "Database", "{76D67ED7-F942-09D1-EB9C-5DD1CD93BD2D}"
EndProject
Project("{42EA0DBD-9CF1-443E-919E-BE9C484E4577}") = "TravelPort.Database", "src\Database\TravelPort.Database.sqlproj", "{2F48ECA5-6A73-49AF-8B48-56FF740B52CB}"
EndProject
Global
	GlobalSection(SolutionConfigurationPlatforms) = preSolution
		Debug|Any CPU = Debug|Any CPU
		Debug|x64 = Debug|x64
		Debug|x86 = Debug|x86
		Release|Any CPU = Release|Any CPU
		Release|x64 = Release|x64
		Release|x86 = Release|x86
	EndGlobalSection
	GlobalSection(ProjectConfigurationPlatforms) = postSolution
		{C2944997-23B8-449B-9C46-0DCC88511E56}.Debug|Any CPU.ActiveCfg = Debug|Any CPU
		{C2944997-23B8-449B-9C46-0DCC88511E56}.Debug|Any CPU.Build.0 = Debug|Any CPU
		{C2944997-23B8-449B-9C46-0DCC88511E56}.Debug|x64.ActiveCfg = Debug|Any CPU
		{C2944997-23B8-449B-9C46-0DCC88511E56}.Debug|x64.Build.0 = Debug|Any CPU
		{C2944997-23B8-449B-9C46-0DCC88511E56}.Debug|x86.ActiveCfg = Debug|Any CPU
		{C2944997-23B8-449B-9C46-0DCC88511E56}.Debug|x86.Build.0 = Debug|Any CPU
		{C2944997-23B8-449B-9C46-0DCC88511E56}.Release|Any CPU.ActiveCfg = Release|Any CPU
		{C2944997-23B8-449B-9C46-0DCC88511E56}.Release|Any CPU.Build.0 = Release|Any CPU
		{C2944997-23B8-449B-9C46-0DCC88511E56}.Release|x64.ActiveCfg = Release|Any CPU
		{C2944997-23B8-449B-9C46-0DCC88511E56}.Release|x64.Build.0 = Release|Any CPU
		{C2944997-23B8-449B-9C46-0DCC88511E56}.Release|x86.ActiveCfg = Release|Any CPU
		{C2944997-23B8-449B-9C46-0DCC88511E56}.Release|x86.Build.0 = Release|Any CPU
		{898A0344-6F0D-44BF-AA14-C835042BDEE2}.Debug|Any CPU.ActiveCfg = Debug|Any CPU
		{898A0344-6F0D-44BF-AA14-C835042BDEE2}.Debug|Any CPU.Build.0 = Debug|Any CPU
		{898A0344-6F0D-44BF-AA14-C835042BDEE2}.Debug|x64.ActiveCfg = Debug|Any CPU
		{898A0344-6F0D-44BF-AA14-C835042BDEE2}.Debug|x64.Build.0 = Debug|Any CPU
		{898A0344-6F0D-44BF-AA14-C835042BDEE2}.Debug|x86.ActiveCfg = Debug|Any CPU
		{898A0344-6F0D-44BF-AA14-C835042BDEE2}.Debug|x86.Build.0 = Debug|Any CPU
		{898A0344-6F0D-44BF-AA14-C835042BDEE2}.Release|Any CPU.ActiveCfg = Release|Any CPU
		{898A0344-6F0D-44BF-AA14-C835042BDEE2}.Release|Any CPU.Build.0 = Release|Any CPU
		{898A0344-6F0D-44BF-AA14-C835042BDEE2}.Release|x64.ActiveCfg = Release|Any CPU
		{898A0344-6F0D-44BF-AA14-C835042BDEE2}.Release|x64.Build.0 = Release|Any CPU
		{898A0344-6F0D-44BF-AA14-C835042BDEE2}.Release|x86.ActiveCfg = Release|Any CPU
		{898A0344-6F0D-44BF-AA14-C835042BDEE2}.Release|x86.Build.0 = Release|Any CPU
		{C0437D8A-C4F1-4798-8751-E3E9E8588D48}.Debug|Any CPU.ActiveCfg = Debug|Any CPU
		{C0437D8A-C4F1-4798-8751-E3E9E8588D48}.Debug|Any CPU.Build.0 = Debug|Any CPU
		{C0437D8A-C4F1-4798-8751-E3E9E8588D48}.Debug|x64.ActiveCfg = Debug|Any CPU
		{C0437D8A-C4F1-4798-8751-E3E9E8588D48}.Debug|x64.Build.0 = Debug|Any CPU
		{C0437D8A-C4F1-4798-8751-E3E9E8588D48}.Debug|x86.ActiveCfg = Debug|Any CPU
		{C0437D8A-C4F1-4798-8751-E3E9E8588D48}.Debug|x86.Build.0 = Debug|Any CPU
		{C0437D8A-C4F1-4798-8751-E3E9E8588D48}.Release|Any CPU.ActiveCfg = Release|Any CPU
		{C0437D8A-C4F1-4798-8751-E3E9E8588D48}.Release|Any CPU.Build.0 = Release|Any CPU
		{C0437D8A-C4F1-4798-8751-E3E9E8588D48}.Release|x64.ActiveCfg = Release|Any CPU
		{C0437D8A-C4F1-4798-8751-E3E9E8588D48}.Release|x64.Build.0 = Release|Any CPU
		{C0437D8A-C4F1-4798-8751-E3E9E8588D48}.Release|x86.ActiveCfg = Release|Any CPU
		{C0437D8A-C4F1-4798-8751-E3E9E8588D48}.Release|x86.Build.0 = Release|Any CPU
		{99A284FC-60B6-48A1-B973-FC1D116DC010}.Debug|Any CPU.ActiveCfg = Debug|Any CPU
		{99A284FC-60B6-48A1-B973-FC1D116DC010}.Debug|Any CPU.Build.0 = Debug|Any CPU
		{99A284FC-60B6-48A1-B973-FC1D116DC010}.Debug|x64.ActiveCfg = Debug|Any CPU
		{99A284FC-60B6-48A1-B973-FC1D116DC010}.Debug|x64.Build.0 = Debug|Any CPU
		{99A284FC-60B6-48A1-B973-FC1D116DC010}.Debug|x86.ActiveCfg = Debug|Any CPU
		{99A284FC-60B6-48A1-B973-FC1D116DC010}.Debug|x86.Build.0 = Debug|Any CPU
		{99A284FC-60B6-48A1-B973-FC1D116DC010}.Release|Any CPU.ActiveCfg = Release|Any CPU
		{99A284FC-60B6-48A1-B973-FC1D116DC010}.Release|Any CPU.Build.0 = Release|Any CPU
		{99A284FC-60B6-48A1-B973-FC1D116DC010}.Release|x64.ActiveCfg = Release|Any CPU
		{99A284FC-60B6-48A1-B973-FC1D116DC010}.Release|x64.Build.0 = Release|Any CPU
		{99A284FC-60B6-48A1-B973-FC1D116DC010}.Release|x86.ActiveCfg = Release|Any CPU
		{99A284FC-60B6-48A1-B973-FC1D116DC010}.Release|x86.Build.0 = Release|Any CPU
		{A33F84FB-63A7-4816-88BA-82F0700C1091}.Debug|Any CPU.ActiveCfg = Debug|Any CPU
		{A33F84FB-63A7-4816-88BA-82F0700C1091}.Debug|Any CPU.Build.0 = Debug|Any CPU
		{A33F84FB-63A7-4816-88BA-82F0700C1091}.Debug|x64.ActiveCfg = Debug|Any CPU
		{A33F84FB-63A7-4816-88BA-82F0700C1091}.Debug|x64.Build.0 = Debug|Any CPU
		{A33F84FB-63A7-4816-88BA-82F0700C1091}.Debug|x86.ActiveCfg = Debug|Any CPU
		{A33F84FB-63A7-4816-88BA-82F0700C1091}.Debug|x86.Build.0 = Debug|Any CPU
		{A33F84FB-63A7-4816-88BA-82F0700C1091}.Release|Any CPU.ActiveCfg = Release|Any CPU
		{A33F84FB-63A7-4816-88BA-82F0700C1091}.Release|Any CPU.Build.0 = Release|Any CPU
		{A33F84FB-63A7-4816-88BA-82F0700C1091}.Release|x64.ActiveCfg = Release|Any CPU
		{A33F84FB-63A7-4816-88BA-82F0700C1091}.Release|x64.Build.0 = Release|Any CPU
		{A33F84FB-63A7-4816-88BA-82F0700C1091}.Release|x86.ActiveCfg = Release|Any CPU
		{A33F84FB-63A7-4816-88BA-82F0700C1091}.Release|x86.Build.0 = Release|Any CPU
		{E4A56550-04A0-4A97-933E-56A137390F8A}.Debug|Any CPU.ActiveCfg = Debug|Any CPU
		{E4A56550-04A0-4A97-933E-56A137390F8A}.Debug|Any CPU.Build.0 = Debug|Any CPU
		{E4A56550-04A0-4A97-933E-56A137390F8A}.Debug|x64.ActiveCfg = Debug|Any CPU
		{E4A56550-04A0-4A97-933E-56A137390F8A}.Debug|x64.Build.0 = Debug|Any CPU
		{E4A56550-04A0-4A97-933E-56A137390F8A}.Debug|x86.ActiveCfg = Debug|Any CPU
		{E4A56550-04A0-4A97-933E-56A137390F8A}.Debug|x86.Build.0 = Debug|Any CPU
		{E4A56550-04A0-4A97-933E-56A137390F8A}.Release|Any CPU.ActiveCfg = Release|Any CPU
		{E4A56550-04A0-4A97-933E-56A137390F8A}.Release|Any CPU.Build.0 = Release|Any CPU
		{E4A56550-04A0-4A97-933E-56A137390F8A}.Release|x64.ActiveCfg = Release|Any CPU
		{E4A56550-04A0-4A97-933E-56A137390F8A}.Release|x64.Build.0 = Release|Any CPU
		{E4A56550-04A0-4A97-933E-56A137390F8A}.Release|x86.ActiveCfg = Release|Any CPU
		{E4A56550-04A0-4A97-933E-56A137390F8A}.Release|x86.Build.0 = Release|Any CPU
		{2F48ECA5-6A73-49AF-8B48-56FF740B52CB}.Debug|Any CPU.ActiveCfg = Debug|Any CPU
		{2F48ECA5-6A73-49AF-8B48-56FF740B52CB}.Debug|Any CPU.Build.0 = Debug|Any CPU
		{2F48ECA5-6A73-49AF-8B48-56FF740B52CB}.Debug|x64.ActiveCfg = Debug|Any CPU
		{2F48ECA5-6A73-49AF-8B48-56FF740B52CB}.Debug|x64.Build.0 = Debug|Any CPU
		{2F48ECA5-6A73-49AF-8B48-56FF740B52CB}.Debug|x86.ActiveCfg = Debug|Any CPU
		{2F48ECA5-6A73-49AF-8B48-56FF740B52CB}.Debug|x86.Build.0 = Debug|Any CPU
		{2F48ECA5-6A73-49AF-8B48-56FF740B52CB}.Release|Any CPU.ActiveCfg = Release|Any CPU
		{2F48ECA5-6A73-49AF-8B48-56FF740B52CB}.Release|Any CPU.Build.0 = Release|Any CPU
		{2F48ECA5-6A73-49AF-8B48-56FF740B52CB}.Release|x64.ActiveCfg = Release|Any CPU
		{2F48ECA5-6A73-49AF-8B48-56FF740B52CB}.Release|x64.Build.0 = Release|Any CPU
		{2F48ECA5-6A73-49AF-8B48-56FF740B52CB}.Release|x86.ActiveCfg = Release|Any CPU
		{2F48ECA5-6A73-49AF-8B48-56FF740B52CB}.Release|x86.Build.0 = Release|Any CPU
	EndGlobalSection
	GlobalSection(SolutionProperties) = preSolution
		HideSolutionNode = FALSE
	EndGlobalSection
	GlobalSection(NestedProjects) = preSolution
		{76D67ED7-F942-09D1-EB9C-5DD1CD93BD2D} = {827E0CD3-B72D-47B6-A68D-7590B98EB39B}
		{2F48ECA5-6A73-49AF-8B48-56FF740B52CB} = {76D67ED7-F942-09D1-EB9C-5DD1CD93BD2D}
	EndGlobalSection
EndGlobal
